
Microsoft Visual Studio Solution File, Format Version 12.00
# Visual Studio Version 16
VisualStudioVersion = 16.0.31424.327
MinimumVisualStudioVersion = 10.0.40219.1
Project("{FAE04EC0-301F-11D3-BF4B-00C04F79EFBC}") = "BuzzTalk", "BuzzTalk\BuzzTalk.csproj", "{72C1C1C9-6895-4BC5-A049-19B769B61011}"
EndProject
Global
	GlobalSection(SolutionConfigurationPlatforms) = preSolution
		Debug|Any CPU = Debug|Any CPU
		Release|Any CPU = Release|Any CPU
	EndGlobalSection
	GlobalSection(ProjectConfigurationPlatforms) = postSolution
		{72C1C1C9-6895-4BC5-A049-19B769B61011}.Debug|Any CPU.ActiveCfg = Debug|Any CPU
		{72C1C1C9-6895-4BC5-A049-19B769B61011}.Debug|Any CPU.Build.0 = Debug|Any CPU
		{72C1C1C9-6895-4BC5-A049-19B769B61011}.Release|Any CPU.ActiveCfg = Release|Any CPU
		{72C1C1C9-6895-4BC5-A049-19B769B61011}.Release|Any CPU.Build.0 = Release|Any CPU
	EndGlobalSection
	GlobalSection(SolutionProperties) = preSolution
		HideSolutionNode = FALSE
	EndGlobalSection
	GlobalSection(ExtensibilityGlobals) = postSolution
		SolutionGuid = {7870E952-655C-4C96-ACE1-F115DB9857D5}
	EndGlobalSection
EndGlobal
